
Microsoft Visual Studio Solution File, Format Version 12.00
# Visual Studio 15
VisualStudioVersion = 15.0.27130.2036
MinimumVisualStudioVersion = 10.0.40219.1
Project("{9A19103F-16F7-4668-BE54-9A1E7A4F7556}") = "QuickCourses.Api", "QuickCourses.Api\QuickCourses.Api.csproj", "{268CF404-97B9-4B90-82F7-C9F091EAADF4}"
EndProject
Project("{9A19103F-16F7-4668-BE54-9A1E7A4F7556}") = "QuickCourses.Models", "QuickCourses.Model\QuickCourses.Models.csproj", "{47C39EC8-0915-4306-A935-C5B7DB7A5F1F}"
EndProject
Project("{9A19103F-16F7-4668-BE54-9A1E7A4F7556}") = "QuickCourses.Api.Data", "QuickCourses.Api.Data\QuickCourses.Api.Data.csproj", "{7F00E76C-0C27-4C15-8171-473B20B3170D}"
EndProject
Project("{9A19103F-16F7-4668-BE54-9A1E7A4F7556}") = "QuickCourses.Api.Tests", "QuickCourses.Api.Tests\QuickCourses.Api.Tests.csproj", "{33EC7E10-7DF2-44C4-8C57-83AF2A315233}"
EndProject
Project("{9A19103F-16F7-4668-BE54-9A1E7A4F7556}") = "QuickCourses.Client", "QuickCourses.Client\QuickCourses.Client.csproj", "{E2F7C386-BF04-4F3A-8B5D-D8207254737B}"
EndProject
Project("{9A19103F-16F7-4668-BE54-9A1E7A4F7556}") = "QuickCourses.Client.Tests", "QuickCourses.Client.Tests\QuickCourses.Client.Tests.csproj", "{2135891E-98EE-4763-9FE6-95496D19BAD3}"
EndProject
Project("{9A19103F-16F7-4668-BE54-9A1E7A4F7556}") = "QuickCourses.Extensions", "QuickCourses.Extensions\QuickCourses.Extensions.csproj", "{2458380B-8552-4BD3-B391-4E50AD890BEB}"
EndProject
Project("{9A19103F-16F7-4668-BE54-9A1E7A4F7556}") = "QuickCourses.Api.Data.Tests", "QuickCourses.Api.Data.Tests\QuickCourses.Api.Data.Tests.csproj", "{5162743D-67B0-452E-B2BF-1CCBC52DEFEE}"
EndProject
Project("{FAE04EC0-301F-11D3-BF4B-00C04F79EFBC}") = "QuickCourses.CourseUploader", "QuickCourses.CourseUploader\QuickCourses.CourseUploader.csproj", "{253F341B-FF09-4807-803C-CA32C5F406F3}"
EndProject
Global
	GlobalSection(SolutionConfigurationPlatforms) = preSolution
		Debug|Any CPU = Debug|Any CPU
		Release|Any CPU = Release|Any CPU
	EndGlobalSection
	GlobalSection(ProjectConfigurationPlatforms) = postSolution
		{268CF404-97B9-4B90-82F7-C9F091EAADF4}.Debug|Any CPU.ActiveCfg = Debug|Any CPU
		{268CF404-97B9-4B90-82F7-C9F091EAADF4}.Debug|Any CPU.Build.0 = Debug|Any CPU
		{268CF404-97B9-4B90-82F7-C9F091EAADF4}.Release|Any CPU.ActiveCfg = Release|Any CPU
		{268CF404-97B9-4B90-82F7-C9F091EAADF4}.Release|Any CPU.Build.0 = Release|Any CPU
		{47C39EC8-0915-4306-A935-C5B7DB7A5F1F}.Debug|Any CPU.ActiveCfg = Debug|Any CPU
		{47C39EC8-0915-4306-A935-C5B7DB7A5F1F}.Debug|Any CPU.Build.0 = Debug|Any CPU
		{47C39EC8-0915-4306-A935-C5B7DB7A5F1F}.Release|Any CPU.ActiveCfg = Release|Any CPU
		{47C39EC8-0915-4306-A935-C5B7DB7A5F1F}.Release|Any CPU.Build.0 = Release|Any CPU
		{7F00E76C-0C27-4C15-8171-473B20B3170D}.Debug|Any CPU.ActiveCfg = Debug|Any CPU
		{7F00E76C-0C27-4C15-8171-473B20B3170D}.Debug|Any CPU.Build.0 = Debug|Any CPU
		{7F00E76C-0C27-4C15-8171-473B20B3170D}.Release|Any CPU.ActiveCfg = Release|Any CPU
		{7F00E76C-0C27-4C15-8171-473B20B3170D}.Release|Any CPU.Build.0 = Release|Any CPU
		{33EC7E10-7DF2-44C4-8C57-83AF2A315233}.Debug|Any CPU.ActiveCfg = Debug|Any CPU
		{33EC7E10-7DF2-44C4-8C57-83AF2A315233}.Debug|Any CPU.Build.0 = Debug|Any CPU
		{33EC7E10-7DF2-44C4-8C57-83AF2A315233}.Release|Any CPU.ActiveCfg = Release|Any CPU
		{33EC7E10-7DF2-44C4-8C57-83AF2A315233}.Release|Any CPU.Build.0 = Release|Any CPU
		{E2F7C386-BF04-4F3A-8B5D-D8207254737B}.Debug|Any CPU.ActiveCfg = Debug|Any CPU
		{E2F7C386-BF04-4F3A-8B5D-D8207254737B}.Debug|Any CPU.Build.0 = Debug|Any CPU
		{E2F7C386-BF04-4F3A-8B5D-D8207254737B}.Release|Any CPU.ActiveCfg = Release|Any CPU
		{E2F7C386-BF04-4F3A-8B5D-D8207254737B}.Release|Any CPU.Build.0 = Release|Any CPU
		{2135891E-98EE-4763-9FE6-95496D19BAD3}.Debug|Any CPU.ActiveCfg = Debug|Any CPU
		{2135891E-98EE-4763-9FE6-95496D19BAD3}.Debug|Any CPU.Build.0 = Debug|Any CPU
		{2135891E-98EE-4763-9FE6-95496D19BAD3}.Release|Any CPU.ActiveCfg = Release|Any CPU
		{2135891E-98EE-4763-9FE6-95496D19BAD3}.Release|Any CPU.Build.0 = Release|Any CPU
		{2458380B-8552-4BD3-B391-4E50AD890BEB}.Debug|Any CPU.ActiveCfg = Debug|Any CPU
		{2458380B-8552-4BD3-B391-4E50AD890BEB}.Debug|Any CPU.Build.0 = Debug|Any CPU
		{2458380B-8552-4BD3-B391-4E50AD890BEB}.Release|Any CPU.ActiveCfg = Release|Any CPU
		{2458380B-8552-4BD3-B391-4E50AD890BEB}.Release|Any CPU.Build.0 = Release|Any CPU
		{5162743D-67B0-452E-B2BF-1CCBC52DEFEE}.Debug|Any CPU.ActiveCfg = Debug|Any CPU
		{5162743D-67B0-452E-B2BF-1CCBC52DEFEE}.Debug|Any CPU.Build.0 = Debug|Any CPU
		{5162743D-67B0-452E-B2BF-1CCBC52DEFEE}.Release|Any CPU.ActiveCfg = Release|Any CPU
		{5162743D-67B0-452E-B2BF-1CCBC52DEFEE}.Release|Any CPU.Build.0 = Release|Any CPU
		{253F341B-FF09-4807-803C-CA32C5F406F3}.Debug|Any CPU.ActiveCfg = Debug|Any CPU
		{253F341B-FF09-4807-803C-CA32C5F406F3}.Debug|Any CPU.Build.0 = Debug|Any CPU
		{253F341B-FF09-4807-803C-CA32C5F406F3}.Release|Any CPU.ActiveCfg = Release|Any CPU
		{253F341B-FF09-4807-803C-CA32C5F406F3}.Release|Any CPU.Build.0 = Release|Any CPU
	EndGlobalSection
	GlobalSection(SolutionProperties) = preSolution
		HideSolutionNode = FALSE
	EndGlobalSection
	GlobalSection(ExtensibilityGlobals) = postSolution
		SolutionGuid = {66ABE47D-340E-49C9-9432-C9451B6CCA92}
	EndGlobalSection
EndGlobal
